
Microsoft Visual Studio Solution File, Format Version 12.00
# Visual Studio 15
VisualStudioVersion = 15.0.28307.168
MinimumVisualStudioVersion = 10.0.40219.1
Project("{151D2E53-A2C4-4D7D-83FE-D05416EBD58E}") = "ARMNamingConventions.ResourceGroup", "ARMNamingConventions.ResourceGroup\ARMNamingConventions.ResourceGroup.deployproj", "{5F00ED87-ABB3-45BC-8E4C-C863BBE94B0C}"
EndProject
Global
	GlobalSection(SolutionConfigurationPlatforms) = preSolution
		Debug|Any CPU = Debug|Any CPU
		Release|Any CPU = Release|Any CPU
	EndGlobalSection
	GlobalSection(ProjectConfigurationPlatforms) = postSolution
		{5F00ED87-ABB3-45BC-8E4C-C863BBE94B0C}.Debug|Any CPU.ActiveCfg = Debug|Any CPU
		{5F00ED87-ABB3-45BC-8E4C-C863BBE94B0C}.Debug|Any CPU.Build.0 = Debug|Any CPU
		{5F00ED87-ABB3-45BC-8E4C-C863BBE94B0C}.Release|Any CPU.ActiveCfg = Release|Any CPU
		{5F00ED87-ABB3-45BC-8E4C-C863BBE94B0C}.Release|Any CPU.Build.0 = Release|Any CPU
	EndGlobalSection
	GlobalSection(SolutionProperties) = preSolution
		HideSolutionNode = FALSE
	EndGlobalSection
	GlobalSection(ExtensibilityGlobals) = postSolution
		SolutionGuid = {2295BCE2-C962-4906-87A4-40E3C771EFEF}
	EndGlobalSection
EndGlobal
